
Microsoft Visual Studio Solution File, Format Version 12.00
# Visual Studio Version 17
VisualStudioVersion = 17.8.34525.116
MinimumVisualStudioVersion = 10.0.40219.1
Project("{FAE04EC0-301F-11D3-BF4B-00C04F79EFBC}") = "BalanceKube.EventGenerator.API", "BalanceKube.EventGenerator.API\BalanceKube.EventGenerator.API.csproj", "{820A21AD-F1BC-4F9A-B788-683116E2AFE0}"
EndProject
Global
	GlobalSection(SolutionConfigurationPlatforms) = preSolution
		Debug|Any CPU = Debug|Any CPU
		Release|Any CPU = Release|Any CPU
	EndGlobalSection
	GlobalSection(ProjectConfigurationPlatforms) = postSolution
		{820A21AD-F1BC-4F9A-B788-683116E2AFE0}.Debug|Any CPU.ActiveCfg = Debug|Any CPU
		{820A21AD-F1BC-4F9A-B788-683116E2AFE0}.Debug|Any CPU.Build.0 = Debug|Any CPU
		{820A21AD-F1BC-4F9A-B788-683116E2AFE0}.Release|Any CPU.ActiveCfg = Release|Any CPU
		{820A21AD-F1BC-4F9A-B788-683116E2AFE0}.Release|Any CPU.Build.0 = Release|Any CPU
	EndGlobalSection
	GlobalSection(SolutionProperties) = preSolution
		HideSolutionNode = FALSE
	EndGlobalSection
	GlobalSection(ExtensibilityGlobals) = postSolution
		SolutionGuid = {95C00CE7-130F-4E9F-A049-0D6872BBE8B3}
	EndGlobalSection
EndGlobal
